
Microsoft Visual Studio Solution File, Format Version 12.00
# Visual Studio 2013
VisualStudioVersion = 12.0.40629.0
MinimumVisualStudioVersion = 10.0.40219.1
Project("{FAE04EC0-301F-11D3-BF4B-00C04F79EFBC}") = "TestProject", "TestProject\TestProject.csproj", "{EEA3E369-E5E3-4738-9D1D-81E0BF0FDF5D}"
EndProject
Project("{FAE04EC0-301F-11D3-BF4B-00C04F79EFBC}") = "PageObjectLibrary", "PageObjectLibrary\PageObjectLibrary.csproj", "{C3463C7F-8006-40C3-A232-8CF0714DB9C0}"
EndProject
Project("{FAE04EC0-301F-11D3-BF4B-00C04F79EFBC}") = "FrameworkSettings", "FrameworkSettings\FrameworkSettings.csproj", "{FC2265E9-5EC5-4F84-9FF8-D26E1F83BE33}"
EndProject
Project("{FAE04EC0-301F-11D3-BF4B-00C04F79EFBC}") = "Logger", "Logger\Logger.csproj", "{6385D68B-8794-4C6D-87E7-D65728AE63A4}"
EndProject
Global
	GlobalSection(SolutionConfigurationPlatforms) = preSolution
		Debug|Any CPU = Debug|Any CPU
		Release|Any CPU = Release|Any CPU
	EndGlobalSection
	GlobalSection(ProjectConfigurationPlatforms) = postSolution
		{EEA3E369-E5E3-4738-9D1D-81E0BF0FDF5D}.Debug|Any CPU.ActiveCfg = Debug|Any CPU
		{EEA3E369-E5E3-4738-9D1D-81E0BF0FDF5D}.Debug|Any CPU.Build.0 = Debug|Any CPU
		{EEA3E369-E5E3-4738-9D1D-81E0BF0FDF5D}.Release|Any CPU.ActiveCfg = Release|Any CPU
		{EEA3E369-E5E3-4738-9D1D-81E0BF0FDF5D}.Release|Any CPU.Build.0 = Release|Any CPU
		{C3463C7F-8006-40C3-A232-8CF0714DB9C0}.Debug|Any CPU.ActiveCfg = Debug|Any CPU
		{C3463C7F-8006-40C3-A232-8CF0714DB9C0}.Debug|Any CPU.Build.0 = Debug|Any CPU
		{C3463C7F-8006-40C3-A232-8CF0714DB9C0}.Release|Any CPU.ActiveCfg = Release|Any CPU
		{C3463C7F-8006-40C3-A232-8CF0714DB9C0}.Release|Any CPU.Build.0 = Release|Any CPU
		{FC2265E9-5EC5-4F84-9FF8-D26E1F83BE33}.Debug|Any CPU.ActiveCfg = Debug|Any CPU
		{FC2265E9-5EC5-4F84-9FF8-D26E1F83BE33}.Debug|Any CPU.Build.0 = Debug|Any CPU
		{FC2265E9-5EC5-4F84-9FF8-D26E1F83BE33}.Release|Any CPU.ActiveCfg = Release|Any CPU
		{FC2265E9-5EC5-4F84-9FF8-D26E1F83BE33}.Release|Any CPU.Build.0 = Release|Any CPU
		{6385D68B-8794-4C6D-87E7-D65728AE63A4}.Debug|Any CPU.ActiveCfg = Debug|Any CPU
		{6385D68B-8794-4C6D-87E7-D65728AE63A4}.Debug|Any CPU.Build.0 = Debug|Any CPU
		{6385D68B-8794-4C6D-87E7-D65728AE63A4}.Release|Any CPU.ActiveCfg = Release|Any CPU
		{6385D68B-8794-4C6D-87E7-D65728AE63A4}.Release|Any CPU.Build.0 = Release|Any CPU
	EndGlobalSection
	GlobalSection(SolutionProperties) = preSolution
		HideSolutionNode = FALSE
	EndGlobalSection
EndGlobal
